// !$*UTF8*$!
{
	archiveVersion = 1;
	classes = {
	};
	objectVersion = 46;
	objects = {

/* Begin PBXBuildFile section */
		1E609A0C198EBAD600BF8CE1 /* AppDelegate.swift in Sources */ = {isa = PBXBuildFile; fileRef = 1E609A0B198EBAD600BF8CE1 /* AppDelegate.swift */; };
		1E609A0E198EBAD600BF8CE1 /* Images.xcassets in Resources */ = {isa = PBXBuildFile; fileRef = 1E609A0D198EBAD600BF8CE1 /* Images.xcassets */; };
		1E609A1A198EBAD600BF8CE1 /* PryCajaDinamicaTests.swift in Sources */ = {isa = PBXBuildFile; fileRef = 1E609A19198EBAD600BF8CE1 /* PryCajaDinamicaTests.swift */; };
		1E609A24198EBAF400BF8CE1 /* Main.swift in Sources */ = {isa = PBXBuildFile; fileRef = 1E609A23198EBAF400BF8CE1 /* Main.swift */; };
/* End PBXBuildFile section */

/* Begin PBXContainerItemProxy section */
		1E609A14198EBAD600BF8CE1 /* PBXContainerItemProxy */ = {
			isa = PBXContainerItemProxy;
			containerPortal = 1E6099FE198EBAD600BF8CE1 /* Project object */;
			proxyType = 1;
			remoteGlobalIDString = 1E609A05198EBAD600BF8CE1;
			remoteInfo = PryCajaDinamica;
		};
/* End PBXContainerItemProxy section */

/* Begin PBXFileReference section */
		1E609A06198EBAD600BF8CE1 /* PryCajaDinamica.app */ = {isa = PBXFileReference; explicitFileType = wrapper.application; includeInIndex = 0; path = PryCajaDinamica.app; sourceTree = BUILT_PRODUCTS_DIR; };
		1E609A0A198EBAD600BF8CE1 /* Info.plist */ = {isa = PBXFileReference; lastKnownFileType = text.plist.xml; path = Info.plist; sourceTree = "<group>"; };
		1E609A0B198EBAD600BF8CE1 /* AppDelegate.swift */ = {isa = PBXFileReference; lastKnownFileType = sourcecode.swift; path = AppDelegate.swift; sourceTree = "<group>"; };
		1E609A0D198EBAD600BF8CE1 /* Images.xcassets */ = {isa = PBXFileReference; lastKnownFileType = folder.assetcatalog; path = Images.xcassets; sourceTree = "<group>"; };
		1E609A13198EBAD600BF8CE1 /* PryCajaDinamicaTests.xctest */ = {isa = PBXFileReference; explicitFileType = wrapper.cfbundle; includeInIndex = 0; path = PryCajaDinamicaTests.xctest; sourceTree = BUILT_PRODUCTS_DIR; };
		1E609A18198EBAD600BF8CE1 /* Info.plist */ = {isa = PBXFileReference; lastKnownFileType = text.plist.xml; path = Info.plist; sourceTree = "<group>"; };
		1E609A19198EBAD600BF8CE1 /* PryCajaDinamicaTests.swift */ = {isa = PBXFileReference; lastKnownFileType = sourcecode.swift; path = PryCajaDinamicaTests.swift; sourceTree = "<group>"; };
		1E609A23198EBAF400BF8CE1 /* Main.swift */ = {isa = PBXFileReference; fileEncoding = 4; lastKnownFileType = sourcecode.swift; path = Main.swift; sourceTree = "<group>"; };
/* End PBXFileReference section */

/* Begin PBXFrameworksBuildPhase section */
		1E609A03198EBAD600BF8CE1 /* Frameworks */ = {
			isa = PBXFrameworksBuildPhase;
			buildActionMask = 2147483647;
			files = (
			);
			runOnlyForDeploymentPostprocessing = 0;
		};
		1E609A10198EBAD600BF8CE1 /* Frameworks */ = {
			isa = PBXFrameworksBuildPhase;
			buildActionMask = 2147483647;
			files = (
			);
			runOnlyForDeploymentPostprocessing = 0;
		};
/* End PBXFrameworksBuildPhase section */

/* Begin PBXGroup section */
		1E6099FD198EBAD600BF8CE1 = {
			isa = PBXGroup;
			children = (
				1E609A08198EBAD600BF8CE1 /* PryCajaDinamica */,
				1E609A16198EBAD600BF8CE1 /* PryCajaDinamicaTests */,
				1E609A07198EBAD600BF8CE1 /* Products */,
			);
			sourceTree = "<group>";
		};
		1E609A07198EBAD600BF8CE1 /* Products */ = {
			isa = PBXGroup;
			children = (
				1E609A06198EBAD600BF8CE1 /* PryCajaDinamica.app */,
				1E609A13198EBAD600BF8CE1 /* PryCajaDinamicaTests.xctest */,
			);
			name = Products;
			sourceTree = "<group>";
		};
		1E609A08198EBAD600BF8CE1 /* PryCajaDinamica */ = {
			isa = PBXGroup;
			children = (
				1E609A0B198EBAD600BF8CE1 /* AppDelegate.swift */,
				1E609A23198EBAF400BF8CE1 /* Main.swift */,
				1E609A0D198EBAD600BF8CE1 /* Images.xcassets */,
				1E609A09198EBAD600BF8CE1 /* Supporting Files */,
			);
			path = PryCajaDinamica;
			sourceTree = "<group>";
		};
		1E609A09198EBAD600BF8CE1 /* Supporting Files */ = {
			isa = PBXGroup;
			children = (
				1E609A0A198EBAD600BF8CE1 /* Info.plist */,
			);
			name = "Supporting Files";
			sourceTree = "<group>";
		};
		1E609A16198EBAD600BF8CE1 /* PryCajaDinamicaTests */ = {
			isa = PBXGroup;
			children = (
				1E609A19198EBAD600BF8CE1 /* PryCajaDinamicaTests.swift */,
				1E609A17198EBAD600BF8CE1 /* Supporting Files */,
			);
			path = PryCajaDinamicaTests;
			sourceTree = "<group>";
		};
		1E609A17198EBAD600BF8CE1 /* Supporting Files */ = {
			isa = PBXGroup;
			children = (
				1E609A18198EBAD600BF8CE1 /* Info.plist */,
			);
			name = "Supporting Files";
			sourceTree = "<group>";
		};
/* End PBXGroup section */

/* Begin PBXNativeTarget section */
		1E609A05198EBAD600BF8CE1 /* PryCajaDinamica */ = {
			isa = PBXNativeTarget;
			buildConfigurationList = 1E609A1D198EBAD600BF8CE1 /* Build configuration list for PBXNativeTarget "PryCajaDinamica" */;
			buildPhases = (
				1E609A02198EBAD600BF8CE1 /* Sources */,
				1E609A03198EBAD600BF8CE1 /* Frameworks */,
				1E609A04198EBAD600BF8CE1 /* Resources */,
			);
			buildRules = (
			);
			dependencies = (
			);
			name = PryCajaDinamica;
			productName = PryCajaDinamica;
			productReference = 1E609A06198EBAD600BF8CE1 /* PryCajaDinamica.app */;
			productType = "com.apple.product-type.application";
		};
		1E609A12198EBAD600BF8CE1 /* PryCajaDinamicaTests */ = {
			isa = PBXNativeTarget;
			buildConfigurationList = 1E609A20198EBAD600BF8CE1 /* Build configuration list for PBXNativeTarget "PryCajaDinamicaTests" */;
			buildPhases = (
				1E609A0F198EBAD600BF8CE1 /* Sources */,
				1E609A10198EBAD600BF8CE1 /* Frameworks */,
				1E609A11198EBAD600BF8CE1 /* Resources */,
			);
			buildRules = (
			);
			dependencies = (
				1E609A15198EBAD600BF8CE1 /* PBXTargetDependency */,
			);
			name = PryCajaDinamicaTests;
			productName = PryCajaDinamicaTests;
			productReference = 1E609A13198EBAD600BF8CE1 /* PryCajaDinamicaTests.xctest */;
			productType = "com.apple.product-type.bundle.unit-test";
		};
/* End PBXNativeTarget section */

/* Begin PBXProject section */
		1E6099FE198EBAD600BF8CE1 /* Project object */ = {
			isa = PBXProject;
			attributes = {
				LastUpgradeCheck = 0600;
				ORGANIZATIONNAME = Apps4s;
				TargetAttributes = {
					1E609A05198EBAD600BF8CE1 = {
						CreatedOnToolsVersion = 6.0;
					};
					1E609A12198EBAD600BF8CE1 = {
						CreatedOnToolsVersion = 6.0;
						TestTargetID = 1E609A05198EBAD600BF8CE1;
					};
				};
			};
			buildConfigurationList = 1E609A01198EBAD600BF8CE1 /* Build configuration list for PBXProject "PryCajaDinamica" */;
			compatibilityVersion = "Xcode 3.2";
			developmentRegion = English;
			hasScannedForEncodings = 0;
			knownRegions = (
				en,
			);
			mainGroup = 1E6099FD198EBAD600BF8CE1;
			productRefGroup = 1E609A07198EBAD600BF8CE1 /* Products */;
			projectDirPath = "";
			projectRoot = "";
			targets = (
				1E609A05198EBAD600BF8CE1 /* PryCajaDinamica */,
				1E609A12198EBAD600BF8CE1 /* PryCajaDinamicaTests */,
			);
		};
/* End PBXProject section */

/* Begin PBXResourcesBuildPhase section */
		1E609A04198EBAD600BF8CE1 /* Resources */ = {
			isa = PBXResourcesBuildPhase;
			buildActionMask = 2147483647;
			files = (
				1E609A0E198EBAD600BF8CE1 /* Images.xcassets in Resources */,
			);
			runOnlyForDeploymentPostprocessing = 0;
		};
		1E609A11198EBAD600BF8CE1 /* Resources */ = {
			isa = PBXResourcesBuildPhase;
			buildActionMask = 2147483647;
			files = (
			);
			runOnlyForDeploymentPostprocessing = 0;
		};
/* End PBXResourcesBuildPhase section */

/* Begin PBXSourcesBuildPhase section */
		1E609A02198EBAD600BF8CE1 /* Sources */ = {
			isa = PBXSourcesBuildPhase;
			buildActionMask = 2147483647;
			files = (
				1E609A24198EBAF400BF8CE1 /* Main.swift in Sources */,
				1E609A0C198EBAD600BF8CE1 /* AppDelegate.swift in Sources */,
			);
			runOnlyForDeploymentPostprocessing = 0;
		};
		1E609A0F198EBAD600BF8CE1 /* Sources */ = {
			isa = PBXSourcesBuildPhase;
			buildActionMask = 2147483647;
			files = (
				1E609A1A198EBAD600BF8CE1 /* PryCajaDinamicaTests.swift in Sources */,
			);
			runOnlyForDeploymentPostprocessing = 0;
		};
/* End PBXSourcesBuildPhase section */

/* Begin PBXTargetDependency section */
		1E609A15198EBAD600BF8CE1 /* PBXTargetDependency */ = {
			isa = PBXTargetDependency;
			target = 1E609A05198EBAD600BF8CE1 /* PryCajaDinamica */;
			targetProxy = 1E609A14198EBAD600BF8CE1 /* PBXContainerItemProxy */;
		};
/* End PBXTargetDependency section */

/* Begin XCBuildConfiguration section */
		1E609A1B198EBAD600BF8CE1 /* Debug */ = {
			isa = XCBuildConfiguration;
			buildSettings = {
				ALWAYS_SEARCH_USER_PATHS = NO;
				CLANG_CXX_LANGUAGE_STANDARD = "gnu++0x";
				CLANG_CXX_LIBRARY = "libc++";
				CLANG_ENABLE_MODULES = YES;
				CLANG_ENABLE_OBJC_ARC = YES;
				CLANG_WARN_BOOL_CONVERSION = YES;
				CLANG_WARN_CONSTANT_CONVERSION = YES;
				CLANG_WARN_DIRECT_OBJC_ISA_USAGE = YES_ERROR;
				CLANG_WARN_EMPTY_BODY = YES;
				CLANG_WARN_ENUM_CONVERSION = YES;
				CLANG_WARN_INT_CONVERSION = YES;
				CLANG_WARN_OBJC_ROOT_CLASS = YES_ERROR;
				CLANG_WARN_UNREACHABLE_CODE = YES;
				CLANG_WARN__DUPLICATE_METHOD_MATCH = YES;
				"CODE_SIGN_IDENTITY[sdk=iphoneos*]" = "iPhone Developer";
				COPY_PHASE_STRIP = NO;
				ENABLE_STRICT_OBJC_MSGSEND = YES;
				GCC_C_LANGUAGE_STANDARD = gnu99;
				GCC_DYNAMIC_NO_PIC = NO;
				GCC_OPTIMIZATION_LEVEL = 0;
				GCC_PREPROCESSOR_DEFINITIONS = (
					"DEBUG=1",
					"$(inherited)",
				);
				GCC_SYMBOLS_PRIVATE_EXTERN = NO;
				GCC_WARN_64_TO_32_BIT_CONVERSION = YES;
				GCC_WARN_ABOUT_RETURN_TYPE = YES_ERROR;
				GCC_WARN_UNDECLARED_SELECTOR = YES;
				GCC_WARN_UNINITIALIZED_AUTOS = YES_AGGRESSIVE;
				GCC_WARN_UNUSED_FUNCTION = YES;
				GCC_WARN_UNUSED_VARIABLE = YES;
				IPHONEOS_DEPLOYMENT_TARGET = 8.0;
				METAL_ENABLE_DEBUG_INFO = YES;
				ONLY_ACTIVE_ARCH = YES;
				SDKROOT = iphoneos;
				SWIFT_OPTIMIZATION_LEVEL = "-Onone";
			};
			name = Debug;
		};
		1E609A1C198EBAD600BF8CE1 /* Release */ = {
			isa = XCBuildConfiguration;
			buildSettings = {
				ALWAYS_SEARCH_USER_PATHS = NO;
				CLANG_CXX_LANGUAGE_STANDARD = "gnu++0x";
				CLANG_CXX_LIBRARY = "libc++";
				CLANG_ENABLE_MODULES = YES;
				CLANG_ENABLE_OBJC_ARC = YES;
				CLANG_WARN_BOOL_CONVERSION = YES;
				CLANG_WARN_CONSTANT_CONVERSION = YES;
				CLANG_WARN_DIRECT_OBJC_ISA_USAGE = YES_ERROR;
				CLANG_WARN_EMPTY_BODY = YES;
				CLANG_WARN_ENUM_CONVERSION = YES;
				CLANG_WARN_INT_CONVERSION = YES;
				CLANG_WARN_OBJC_ROOT_CLASS = YES_ERROR;
				CLANG_WARN_UNREACHABLE_CODE = YES;
				CLANG_WARN__DUPLICATE_METHOD_MATCH = YES;
				"CODE_SIGN_IDENTITY[sdk=iphoneos*]" = "iPhone Developer";
				COPY_PHASE_STRIP = YES;
				ENABLE_NS_ASSERTIONS = NO;
				ENABLE_STRICT_OBJC_MSGSEND = YES;
				GCC_C_LANGUAGE_STANDARD = gnu99;
				GCC_WARN_64_TO_32_BIT_CONVERSION = YES;
				GCC_WARN_ABOUT_RETURN_TYPE = YES_ERROR;
				GCC_WARN_UNDECLARED_SELECTOR = YES;
				GCC_WARN_UNINITIALIZED_AUTOS = YES_AGGRESSIVE;
				GCC_WARN_UNUSED_FUNCTION = YES;
				GCC_WARN_UNUSED_VARIABLE = YES;
				IPHONEOS_DEPLOYMENT_TARGET = 8.0;
				METAL_ENABLE_DEBUG_INFO = NO;
				SDKROOT = iphoneos;
				VALIDATE_PRODUCT = YES;
			};
			name = Release;
		};
		1E609A1E198EBAD600BF8CE1 /* Debug */ = {
			isa = XCBuildConfiguration;
			buildSettings = {
				ASSETCATALOG_COMPILER_APPICON_NAME = AppIcon;
				ASSETCATALOG_COMPILER_LAUNCHIMAGE_NAME = LaunchImage;
				INFOPLIST_FILE = PryCajaDinamica/Info.plist;
				LD_RUNPATH_SEARCH_PATHS = "$(inherited) @executable_path/Frameworks";
				PRODUCT_NAME = "$(TARGET_NAME)";
			};
			name = Debug;
		};
		1E609A1F198EBAD600BF8CE1 /* Release */ = {
			isa = XCBuildConfiguration;
			buildSettings = {
				ASSETCATALOG_COMPILER_APPICON_NAME = AppIcon;
				ASSETCATALOG_COMPILER_LAUNCHIMAGE_NAME = LaunchImage;
				INFOPLIST_FILE = PryCajaDinamica/Info.plist;
				LD_RUNPATH_SEARCH_PATHS = "$(inherited) @executable_path/Frameworks";
				PRODUCT_NAME = "$(TARGET_NAME)";
			};
			name = Release;
		};
		1E609A21198EBAD600BF8CE1 /* Debug */ = {
			isa = XCBuildConfiguration;
			buildSettings = {
				BUNDLE_LOADER = "$(BUILT_PRODUCTS_DIR)/PryCajaDinamica.app/PryCajaDinamica";
				FRAMEWORK_SEARCH_PATHS = (
					"$(SDKROOT)/Developer/Library/Frameworks",
					"$(inherited)",
				);
				GCC_PREPROCESSOR_DEFINITIONS = (
					"DEBUG=1",
					"$(inherited)",
				);
				INFOPLIST_FILE = PryCajaDinamicaTests/Info.plist;
				LD_RUNPATH_SEARCH_PATHS = "$(inherited) @executable_path/Frameworks @loader_path/Frameworks";
				METAL_ENABLE_DEBUG_INFO = YES;
				PRODUCT_NAME = "$(TARGET_NAME)";
				TEST_HOST = "$(BUNDLE_LOADER)";
			};
			name = Debug;
		};
		1E609A22198EBAD600BF8CE1 /* Release */ = {
			isa = XCBuildConfiguration;
			buildSettings = {
				BUNDLE_LOADER = "$(BUILT_PRODUCTS_DIR)/PryCajaDinamica.app/PryCajaDinamica";
				FRAMEWORK_SEARCH_PATHS = (
					"$(SDKROOT)/Developer/Library/Frameworks",
					"$(inherited)",
				);
				INFOPLIST_FILE = PryCajaDinamicaTests/Info.plist;
				LD_RUNPATH_SEARCH_PATHS = "$(inherited) @executable_path/Frameworks @loader_path/Frameworks";
				METAL_ENABLE_DEBUG_INFO = NO;
				PRODUCT_NAME = "$(TARGET_NAME)";
				TEST_HOST = "$(BUNDLE_LOADER)";
			};
			name = Release;
		};
/* End XCBuildConfiguration section */

/* Begin XCConfigurationList section */
		1E609A01198EBAD600BF8CE1 /* Build configuration list for PBXProject "PryCajaDinamica" */ = {
			isa = XCConfigurationList;
			buildConfigurations = (
				1E609A1B198EBAD600BF8CE1 /* Debug */,
				1E609A1C198EBAD600BF8CE1 /* Release */,
			);
			defaultConfigurationIsVisible = 0;
			defaultConfigurationName = Release;
		};
		1E609A1D198EBAD600BF8CE1 /* Build configuration list for PBXNativeTarget "PryCajaDinamica" */ = {
			isa = XCConfigurationList;
			buildConfigurations = (
				1E609A1E198EBAD600BF8CE1 /* Debug */,
				1E609A1F198EBAD600BF8CE1 /* Release */,
			);
			defaultConfigurationIsVisible = 0;
		};
		1E609A20198EBAD600BF8CE1 /* Build configuration list for PBXNativeTarget "PryCajaDinamicaTests" */ = {
			isa = XCConfigurationList;
			buildConfigurations = (
				1E609A21198EBAD600BF8CE1 /* Debug */,
				1E609A22198EBAD600BF8CE1 /* Release */,
			);
			defaultConfigurationIsVisible = 0;
		};
/* End XCConfigurationList section */
	};
	rootObject = 1E6099FE198EBAD600BF8CE1 /* Project object */;
}
